
Microsoft Visual Studio Solution File, Format Version 12.00
# Visual Studio 15
VisualStudioVersion = 15.0.27004.2008
MinimumVisualStudioVersion = 10.0.40219.1
Project("{FAE04EC0-301F-11D3-BF4B-00C04F79EFBC}") = "XorO", "XorO\XorO.csproj", "{126A40AA-91B8-4AEF-84E8-CBF0AE7EA28F}"
EndProject
Global
	GlobalSection(SolutionConfigurationPlatforms) = preSolution
		Debug|Any CPU = Debug|Any CPU
		Release|Any CPU = Release|Any CPU
	EndGlobalSection
	GlobalSection(ProjectConfigurationPlatforms) = postSolution
		{126A40AA-91B8-4AEF-84E8-CBF0AE7EA28F}.Debug|Any CPU.ActiveCfg = Debug|Any CPU
		{126A40AA-91B8-4AEF-84E8-CBF0AE7EA28F}.Debug|Any CPU.Build.0 = Debug|Any CPU
		{126A40AA-91B8-4AEF-84E8-CBF0AE7EA28F}.Release|Any CPU.ActiveCfg = Release|Any CPU
		{126A40AA-91B8-4AEF-84E8-CBF0AE7EA28F}.Release|Any CPU.Build.0 = Release|Any CPU
	EndGlobalSection
	GlobalSection(SolutionProperties) = preSolution
		HideSolutionNode = FALSE
	EndGlobalSection
	GlobalSection(ExtensibilityGlobals) = postSolution
		SolutionGuid = {33A41DE7-525A-4192-9186-F1039AF62911}
	EndGlobalSection
EndGlobal
